Microsoft Visual Studio Solution File, Format Version 11.00
# Visual Studio 2008

Project("{B7DDE8E3-D3FD-7CA4-D792-3C06B7C3876C}") = "Monkeying Waves", "Assembly-CSharp.csproj", "{F65D68BB-693A-776F-3AEF-9B37A0EF5608}"
EndProject
Global
	GlobalSection(SolutionConfigurationPlatforms) = preSolution
		Debug|Any CPU = Debug|Any CPU
		Release|Any CPU = Release|Any CPU
	EndGlobalSection
	GlobalSection(ProjectConfigurationPlatforms) = postSolution
		{F65D68BB-693A-776F-3AEF-9B37A0EF5608}.Debug|Any CPU.ActiveCfg = Debug|Any CPU
		{F65D68BB-693A-776F-3AEF-9B37A0EF5608}.Debug|Any CPU.Build.0 = Debug|Any CPU
		{F65D68BB-693A-776F-3AEF-9B37A0EF5608}.Release|Any CPU.ActiveCfg = Release|Any CPU
		{F65D68BB-693A-776F-3AEF-9B37A0EF5608}.Release|Any CPU.Build.0 = Release|Any CPU
	EndGlobalSection
	GlobalSection(SolutionProperties) = preSolution
		HideSolutionNode = FALSE
	EndGlobalSection
	GlobalSection(MonoDevelopProperties) = preSolution
		StartupItem = Assembly-CSharp.csproj
	EndGlobalSection
EndGlobal
